
Microsoft Visual Studio Solution File, Format Version 12.00
# Visual Studio Version 16
VisualStudioVersion = 16.6.30114.105
MinimumVisualStudioVersion = 10.0.40219.1
Project("{FAE04EC0-301F-11D3-BF4B-00C04F79EFBC}") = "apiGQL.WApi", "apiGQL.WApi\apiGQL.WApi.csproj", "{A04675D5-0602-49B5-8207-C19CC0B9C39E}"
EndProject
Global
	GlobalSection(SolutionConfigurationPlatforms) = preSolution
		Debug|Any CPU = Debug|Any CPU
		Debug|x64 = Debug|x64
		Debug|x86 = Debug|x86
		Release|Any CPU = Release|Any CPU
		Release|x64 = Release|x64
		Release|x86 = Release|x86
	EndGlobalSection
	GlobalSection(SolutionProperties) = preSolution
		HideSolutionNode = FALSE
	EndGlobalSection
	GlobalSection(ProjectConfigurationPlatforms) = postSolution
		{A04675D5-0602-49B5-8207-C19CC0B9C39E}.Debug|Any CPU.ActiveCfg = Debug|Any CPU
		{A04675D5-0602-49B5-8207-C19CC0B9C39E}.Debug|Any CPU.Build.0 = Debug|Any CPU
		{A04675D5-0602-49B5-8207-C19CC0B9C39E}.Debug|x64.ActiveCfg = Debug|Any CPU
		{A04675D5-0602-49B5-8207-C19CC0B9C39E}.Debug|x64.Build.0 = Debug|Any CPU
		{A04675D5-0602-49B5-8207-C19CC0B9C39E}.Debug|x86.ActiveCfg = Debug|Any CPU
		{A04675D5-0602-49B5-8207-C19CC0B9C39E}.Debug|x86.Build.0 = Debug|Any CPU
		{A04675D5-0602-49B5-8207-C19CC0B9C39E}.Release|Any CPU.ActiveCfg = Release|Any CPU
		{A04675D5-0602-49B5-8207-C19CC0B9C39E}.Release|Any CPU.Build.0 = Release|Any CPU
		{A04675D5-0602-49B5-8207-C19CC0B9C39E}.Release|x64.ActiveCfg = Release|Any CPU
		{A04675D5-0602-49B5-8207-C19CC0B9C39E}.Release|x64.Build.0 = Release|Any CPU
		{A04675D5-0602-49B5-8207-C19CC0B9C39E}.Release|x86.ActiveCfg = Release|Any CPU
		{A04675D5-0602-49B5-8207-C19CC0B9C39E}.Release|x86.Build.0 = Release|Any CPU
	EndGlobalSection
EndGlobal
